// !$*UTF8*$!
{
	archiveVersion = 1;
	classes = {
	};
	objectVersion = 50;
	objects = {

/* Begin PBXBuildFile section */
		5B385FD19404AB68DC69156F /* Pods_flixTests.framework in Frameworks */ = {isa = PBXBuildFile; fileRef = BE0A75ED42B078D7C30E9515 /* Pods_flixTests.framework */; };
		6BD36D8A42F86AC1E7E20F9F /* Pods_flix_flixUITests.framework in Frameworks */ = {isa = PBXBuildFile; fileRef = 104768890D8B53C790FB8EF0 /* Pods_flix_flixUITests.framework */; };
		E371FE20EF2A4D9703CEDBB7 /* Pods_flix.framework in Frameworks */ = {isa = PBXBuildFile; fileRef = C17AD64C3D99922218C75449 /* Pods_flix.framework */; };
		F274418C25CBCA0B006C2720 /* AppDelegate.swift in Sources */ = {isa = PBXBuildFile; fileRef = F274418B25CBCA0B006C2720 /* AppDelegate.swift */; };
		F274418E25CBCA0B006C2720 /* SceneDelegate.swift in Sources */ = {isa = PBXBuildFile; fileRef = F274418D25CBCA0B006C2720 /* SceneDelegate.swift */; };
		F274419325CBCA0B006C2720 /* Main.storyboard in Resources */ = {isa = PBXBuildFile; fileRef = F274419125CBCA0B006C2720 /* Main.storyboard */; };
		F274419525CBCA0F006C2720 /* Assets.xcassets in Resources */ = {isa = PBXBuildFile; fileRef = F274419425CBCA0F006C2720 /* Assets.xcassets */; };
		F274419825CBCA0F006C2720 /* LaunchScreen.storyboard in Resources */ = {isa = PBXBuildFile; fileRef = F274419625CBCA0F006C2720 /* LaunchScreen.storyboard */; };
		F27441A325CBCA0F006C2720 /* flixTests.swift in Sources */ = {isa = PBXBuildFile; fileRef = F27441A225CBCA0F006C2720 /* flixTests.swift */; };
		F27441AE25CBCA0F006C2720 /* flixUITests.swift in Sources */ = {isa = PBXBuildFile; fileRef = F27441AD25CBCA0F006C2720 /* flixUITests.swift */; };
		F27441C525CBCDFF006C2720 /* MoviesViewController.swift in Sources */ = {isa = PBXBuildFile; fileRef = F27441C425CBCDFF006C2720 /* MoviesViewController.swift */; };
		F27441CA25CBDFA4006C2720 /* MovieCell.swift in Sources */ = {isa = PBXBuildFile; fileRef = F27441C925CBDFA4006C2720 /* MovieCell.swift */; };
/* End PBXBuildFile section */

/* Begin PBXContainerItemProxy section */
		F274419F25CBCA0F006C2720 /* PBXContainerItemProxy */ = {
			isa = PBXContainerItemProxy;
			containerPortal = F274418025CBCA0B006C2720 /* Project object */;
			proxyType = 1;
			remoteGlobalIDString = F274418725CBCA0B006C2720;
			remoteInfo = flix;
		};
		F27441AA25CBCA0F006C2720 /* PBXContainerItemProxy */ = {
			isa = PBXContainerItemProxy;
			containerPortal = F274418025CBCA0B006C2720 /* Project object */;
			proxyType = 1;
			remoteGlobalIDString = F274418725CBCA0B006C2720;
			remoteInfo = flix;
		};
/* End PBXContainerItemProxy section */

/* Begin PBXFileReference section */
		06B8D04983723F5603627446 /* Pods-flixTests.release.xcconfig */ = {isa = PBXFileReference; includeInIndex = 1; lastKnownFileType = text.xcconfig; name = "Pods-flixTests.release.xcconfig"; path = "Target Support Files/Pods-flixTests/Pods-flixTests.release.xcconfig"; sourceTree = "<group>"; };
		104768890D8B53C790FB8EF0 /* Pods_flix_flixUITests.framework */ = {isa = PBXFileReference; explicitFileType = wrapper.framework; includeInIndex = 0; path = Pods_flix_flixUITests.framework; sourceTree = BUILT_PRODUCTS_DIR; };
		420D737A598D9D9C520CD3ED /* Pods-flix-flixUITests.debug.xcconfig */ = {isa = PBXFileReference; includeInIndex = 1; lastKnownFileType = text.xcconfig; name = "Pods-flix-flixUITests.debug.xcconfig"; path = "Target Support Files/Pods-flix-flixUITests/Pods-flix-flixUITests.debug.xcconfig"; sourceTree = "<group>"; };
		7D4AB98C4F18AAEF2C0D8218 /* Pods-flixTests.debug.xcconfig */ = {isa = PBXFileReference; includeInIndex = 1; lastKnownFileType = text.xcconfig; name = "Pods-flixTests.debug.xcconfig"; path = "Target Support Files/Pods-flixTests/Pods-flixTests.debug.xcconfig"; sourceTree = "<group>"; };
		A9017671FEDE5A82C96A5AB0 /* Pods-flix.debug.xcconfig */ = {isa = PBXFileReference; includeInIndex = 1; lastKnownFileType = text.xcconfig; name = "Pods-flix.debug.xcconfig"; path = "Target Support Files/Pods-flix/Pods-flix.debug.xcconfig"; sourceTree = "<group>"; };
		AB0ADCF740ACE761A1E7C3C0 /* Pods-flix.release.xcconfig */ = {isa = PBXFileReference; includeInIndex = 1; lastKnownFileType = text.xcconfig; name = "Pods-flix.release.xcconfig"; path = "Target Support Files/Pods-flix/Pods-flix.release.xcconfig"; sourceTree = "<group>"; };
		AF2B64479A44EA33EEC0BF4E /* Pods-flix-flixUITests.release.xcconfig */ = {isa = PBXFileReference; includeInIndex = 1; lastKnownFileType = text.xcconfig; name = "Pods-flix-flixUITests.release.xcconfig"; path = "Target Support Files/Pods-flix-flixUITests/Pods-flix-flixUITests.release.xcconfig"; sourceTree = "<group>"; };
		BE0A75ED42B078D7C30E9515 /* Pods_flixTests.framework */ = {isa = PBXFileReference; explicitFileType = wrapper.framework; includeInIndex = 0; path = Pods_flixTests.framework; sourceTree = BUILT_PRODUCTS_DIR; };
		C17AD64C3D99922218C75449 /* Pods_flix.framework */ = {isa = PBXFileReference; explicitFileType = wrapper.framework; includeInIndex = 0; path = Pods_flix.framework; sourceTree = BUILT_PRODUCTS_DIR; };
		F274418825CBCA0B006C2720 /* flix.app */ = {isa = PBXFileReference; explicitFileType = wrapper.application; includeInIndex = 0; path = flix.app; sourceTree = BUILT_PRODUCTS_DIR; };
		F274418B25CBCA0B006C2720 /* AppDelegate.swift */ = {isa = PBXFileReference; lastKnownFileType = sourcecode.swift; path = AppDelegate.swift; sourceTree = "<group>"; };
		F274418D25CBCA0B006C2720 /* SceneDelegate.swift */ = {isa = PBXFileReference; lastKnownFileType = sourcecode.swift; path = SceneDelegate.swift; sourceTree = "<group>"; };
		F274419225CBCA0B006C2720 /* Base */ = {isa = PBXFileReference; lastKnownFileType = file.storyboard; name = Base; path = Base.lproj/Main.storyboard; sourceTree = "<group>"; };
		F274419425CBCA0F006C2720 /* Assets.xcassets */ = {isa = PBXFileReference; lastKnownFileType = folder.assetcatalog; path = Assets.xcassets; sourceTree = "<group>"; };
		F274419725CBCA0F006C2720 /* Base */ = {isa = PBXFileReference; lastKnownFileType = file.storyboard; name = Base; path = Base.lproj/LaunchScreen.storyboard; sourceTree = "<group>"; };
		F274419925CBCA0F006C2720 /* Info.plist */ = {isa = PBXFileReference; lastKnownFileType = text.plist.xml; path = Info.plist; sourceTree = "<group>"; };
		F274419E25CBCA0F006C2720 /* flixTests.xctest */ = {isa = PBXFileReference; explicitFileType = wrapper.cfbundle; includeInIndex = 0; path = flixTests.xctest; sourceTree = BUILT_PRODUCTS_DIR; };
		F27441A225CBCA0F006C2720 /* flixTests.swift */ = {isa = PBXFileReference; lastKnownFileType = sourcecode.swift; path = flixTests.swift; sourceTree = "<group>"; };
		F27441A425CBCA0F006C2720 /* Info.plist */ = {isa = PBXFileReference; lastKnownFileType = text.plist.xml; path = Info.plist; sourceTree = "<group>"; };
		F27441A925CBCA0F006C2720 /* flixUITests.xctest */ = {isa = PBXFileReference; explicitFileType = wrapper.cfbundle; includeInIndex = 0; path = flixUITests.xctest; sourceTree = BUILT_PRODUCTS_DIR; };
		F27441AD25CBCA0F006C2720 /* flixUITests.swift */ = {isa = PBXFileReference; lastKnownFileType = sourcecode.swift; path = flixUITests.swift; sourceTree = "<group>"; };
		F27441AF25CBCA0F006C2720 /* Info.plist */ = {isa = PBXFileReference; lastKnownFileType = text.plist.xml; path = Info.plist; sourceTree = "<group>"; };
		F27441C425CBCDFF006C2720 /* MoviesViewController.swift */ = {isa = PBXFileReference; lastKnownFileType = sourcecode.swift; path = MoviesViewController.swift; sourceTree = "<group>"; };
		F27441C925CBDFA4006C2720 /* MovieCell.swift */ = {isa = PBXFileReference; lastKnownFileType = sourcecode.swift; path = MovieCell.swift; sourceTree = "<group>"; };
/* End PBXFileReference section */

/* Begin PBXFrameworksBuildPhase section */
		F274418525CBCA0B006C2720 /* Frameworks */ = {
			isa = PBXFrameworksBuildPhase;
			buildActionMask = 2147483647;
			files = (
				E371FE20EF2A4D9703CEDBB7 /* Pods_flix.framework in Frameworks */,
			);
			runOnlyForDeploymentPostprocessing = 0;
		};
		F274419B25CBCA0F006C2720 /* Frameworks */ = {
			isa = PBXFrameworksBuildPhase;
			buildActionMask = 2147483647;
			files = (
				5B385FD19404AB68DC69156F /* Pods_flixTests.framework in Frameworks */,
			);
			runOnlyForDeploymentPostprocessing = 0;
		};
		F27441A625CBCA0F006C2720 /* Frameworks */ = {
			isa = PBXFrameworksBuildPhase;
			buildActionMask = 2147483647;
			files = (
				6BD36D8A42F86AC1E7E20F9F /* Pods_flix_flixUITests.framework in Frameworks */,
			);
			runOnlyForDeploymentPostprocessing = 0;
		};
/* End PBXFrameworksBuildPhase section */

/* Begin PBXGroup section */
		3E3AAA58A8F0D5DB3BA27192 /* Pods */ = {
			isa = PBXGroup;
			children = (
				A9017671FEDE5A82C96A5AB0 /* Pods-flix.debug.xcconfig */,
				AB0ADCF740ACE761A1E7C3C0 /* Pods-flix.release.xcconfig */,
				420D737A598D9D9C520CD3ED /* Pods-flix-flixUITests.debug.xcconfig */,
				AF2B64479A44EA33EEC0BF4E /* Pods-flix-flixUITests.release.xcconfig */,
				7D4AB98C4F18AAEF2C0D8218 /* Pods-flixTests.debug.xcconfig */,
				06B8D04983723F5603627446 /* Pods-flixTests.release.xcconfig */,
			);
			name = Pods;
			path = Pods;
			sourceTree = "<group>";
		};
		82AD3F7C02DACA994E98F72F /* Frameworks */ = {
			isa = PBXGroup;
			children = (
				C17AD64C3D99922218C75449 /* Pods_flix.framework */,
				104768890D8B53C790FB8EF0 /* Pods_flix_flixUITests.framework */,
				BE0A75ED42B078D7C30E9515 /* Pods_flixTests.framework */,
			);
			name = Frameworks;
			sourceTree = "<group>";
		};
		F274417F25CBCA0B006C2720 = {
			isa = PBXGroup;
			children = (
				F274418A25CBCA0B006C2720 /* flix */,
				F27441A125CBCA0F006C2720 /* flixTests */,
				F27441AC25CBCA0F006C2720 /* flixUITests */,
				F274418925CBCA0B006C2720 /* Products */,
				3E3AAA58A8F0D5DB3BA27192 /* Pods */,
				82AD3F7C02DACA994E98F72F /* Frameworks */,
			);
			sourceTree = "<group>";
		};
		F274418925CBCA0B006C2720 /* Products */ = {
			isa = PBXGroup;
			children = (
				F274418825CBCA0B006C2720 /* flix.app */,
				F274419E25CBCA0F006C2720 /* flixTests.xctest */,
				F27441A925CBCA0F006C2720 /* flixUITests.xctest */,
			);
			name = Products;
			sourceTree = "<group>";
		};
		F274418A25CBCA0B006C2720 /* flix */ = {
			isa = PBXGroup;
			children = (
				F274418B25CBCA0B006C2720 /* AppDelegate.swift */,
				F274418D25CBCA0B006C2720 /* SceneDelegate.swift */,
				F274419125CBCA0B006C2720 /* Main.storyboard */,
				F274419425CBCA0F006C2720 /* Assets.xcassets */,
				F274419625CBCA0F006C2720 /* LaunchScreen.storyboard */,
				F274419925CBCA0F006C2720 /* Info.plist */,
				F27441C425CBCDFF006C2720 /* MoviesViewController.swift */,
				F27441C925CBDFA4006C2720 /* MovieCell.swift */,
			);
			path = flix;
			sourceTree = "<group>";
		};
		F27441A125CBCA0F006C2720 /* flixTests */ = {
			isa = PBXGroup;
			children = (
				F27441A225CBCA0F006C2720 /* flixTests.swift */,
				F27441A425CBCA0F006C2720 /* Info.plist */,
			);
			path = flixTests;
			sourceTree = "<group>";
		};
		F27441AC25CBCA0F006C2720 /* flixUITests */ = {
			isa = PBXGroup;
			children = (
				F27441AD25CBCA0F006C2720 /* flixUITests.swift */,
				F27441AF25CBCA0F006C2720 /* Info.plist */,
			);
			path = flixUITests;
			sourceTree = "<group>";
		};
/* End PBXGroup section */

/* Begin PBXNativeTarget section */
		F274418725CBCA0B006C2720 /* flix */ = {
			isa = PBXNativeTarget;
			buildConfigurationList = F27441B225CBCA0F006C2720 /* Build configuration list for PBXNativeTarget "flix" */;
			buildPhases = (
				9BB9D708F0815CF657B15F4D /* [CP] Check Pods Manifest.lock */,
				F274418425CBCA0B006C2720 /* Sources */,
				F274418525CBCA0B006C2720 /* Frameworks */,
				F274418625CBCA0B006C2720 /* Resources */,
				EF1C1A568F91C9AD497FB203 /* [CP] Embed Pods Frameworks */,
			);
			buildRules = (
			);
			dependencies = (
			);
			name = flix;
			productName = flix;
			productReference = F274418825CBCA0B006C2720 /* flix.app */;
			productType = "com.apple.product-type.application";
		};
		F274419D25CBCA0F006C2720 /* flixTests */ = {
			isa = PBXNativeTarget;
			buildConfigurationList = F27441B525CBCA0F006C2720 /* Build configuration list for PBXNativeTarget "flixTests" */;
			buildPhases = (
				A2E28894F6DF03A97541B8D2 /* [CP] Check Pods Manifest.lock */,
				F274419A25CBCA0F006C2720 /* Sources */,
				F274419B25CBCA0F006C2720 /* Frameworks */,
				F274419C25CBCA0F006C2720 /* Resources */,
			);
			buildRules = (
			);
			dependencies = (
				F27441A025CBCA0F006C2720 /* PBXTargetDependency */,
			);
			name = flixTests;
			productName = flixTests;
			productReference = F274419E25CBCA0F006C2720 /* flixTests.xctest */;
			productType = "com.apple.product-type.bundle.unit-test";
		};
		F27441A825CBCA0F006C2720 /* flixUITests */ = {
			isa = PBXNativeTarget;
			buildConfigurationList = F27441B825CBCA0F006C2720 /* Build configuration list for PBXNativeTarget "flixUITests" */;
			buildPhases = (
				D4CF7B6F0023A3513B08068F /* [CP] Check Pods Manifest.lock */,
				F27441A525CBCA0F006C2720 /* Sources */,
				F27441A625CBCA0F006C2720 /* Frameworks */,
				F27441A725CBCA0F006C2720 /* Resources */,
				22588938621006B57677556F /* [CP] Embed Pods Frameworks */,
			);
			buildRules = (
			);
			dependencies = (
				F27441AB25CBCA0F006C2720 /* PBXTargetDependency */,
			);
			name = flixUITests;
			productName = flixUITests;
			productReference = F27441A925CBCA0F006C2720 /* flixUITests.xctest */;
			productType = "com.apple.product-type.bundle.ui-testing";
		};
/* End PBXNativeTarget section */

/* Begin PBXProject section */
		F274418025CBCA0B006C2720 /* Project object */ = {
			isa = PBXProject;
			attributes = {
				LastSwiftUpdateCheck = 1240;
				LastUpgradeCheck = 1240;
				TargetAttributes = {
					F274418725CBCA0B006C2720 = {
						CreatedOnToolsVersion = 12.4;
					};
					F274419D25CBCA0F006C2720 = {
						CreatedOnToolsVersion = 12.4;
						TestTargetID = F274418725CBCA0B006C2720;
					};
					F27441A825CBCA0F006C2720 = {
						CreatedOnToolsVersion = 12.4;
						TestTargetID = F274418725CBCA0B006C2720;
					};
				};
			};
			buildConfigurationList = F274418325CBCA0B006C2720 /* Build configuration list for PBXProject "flix" */;
			compatibilityVersion = "Xcode 9.3";
			developmentRegion = en;
			hasScannedForEncodings = 0;
			knownRegions = (
				en,
				Base,
			);
			mainGroup = F274417F25CBCA0B006C2720;
			productRefGroup = F274418925CBCA0B006C2720 /* Products */;
			projectDirPath = "";
			projectRoot = "";
			targets = (
				F274418725CBCA0B006C2720 /* flix */,
				F274419D25CBCA0F006C2720 /* flixTests */,
				F27441A825CBCA0F006C2720 /* flixUITests */,
			);
		};
/* End PBXProject section */

/* Begin PBXResourcesBuildPhase section */
		F274418625CBCA0B006C2720 /* Resources */ = {
			isa = PBXResourcesBuildPhase;
			buildActionMask = 2147483647;
			files = (
				F274419825CBCA0F006C2720 /* LaunchScreen.storyboard in Resources */,
				F274419525CBCA0F006C2720 /* Assets.xcassets in Resources */,
				F274419325CBCA0B006C2720 /* Main.storyboard in Resources */,
			);
			runOnlyForDeploymentPostprocessing = 0;
		};
		F274419C25CBCA0F006C2720 /* Resources */ = {
			isa = PBXResourcesBuildPhase;
			buildActionMask = 2147483647;
			files = (
			);
			runOnlyForDeploymentPostprocessing = 0;
		};
		F27441A725CBCA0F006C2720 /* Resources */ = {
			isa = PBXResourcesBuildPhase;
			buildActionMask = 2147483647;
			files = (
			);
			runOnlyForDeploymentPostprocessing = 0;
		};
/* End PBXResourcesBuildPhase section */

/* Begin PBXShellScriptBuildPhase section */
		22588938621006B57677556F /* [CP] Embed Pods Frameworks */ = {
			isa = PBXShellScriptBuildPhase;
			buildActionMask = 2147483647;
			files = (
			);
			inputFileListPaths = (
				"${PODS_ROOT}/Target Support Files/Pods-flix-flixUITests/Pods-flix-flixUITests-frameworks-${CONFIGURATION}-input-files.xcfilelist",
			);
			name = "[CP] Embed Pods Frameworks";
			outputFileListPaths = (
				"${PODS_ROOT}/Target Support Files/Pods-flix-flixUITests/Pods-flix-flixUITests-frameworks-${CONFIGURATION}-output-files.xcfilelist",
			);
			runOnlyForDeploymentPostprocessing = 0;
			shellPath = /bin/sh;
			shellScript = "\"${PODS_ROOT}/Target Support Files/Pods-flix-flixUITests/Pods-flix-flixUITests-frameworks.sh\"\n";
			showEnvVarsInLog = 0;
		};
		9BB9D708F0815CF657B15F4D /* [CP] Check Pods Manifest.lock */ = {
			isa = PBXShellScriptBuildPhase;
			buildActionMask = 2147483647;
			files = (
			);
			inputFileListPaths = (
			);
			inputPaths = (
				"${PODS_PODFILE_DIR_PATH}/Podfile.lock",
				"${PODS_ROOT}/Manifest.lock",
			);
			name = "[CP] Check Pods Manifest.lock";
			outputFileListPaths = (
			);
			outputPaths = (
				"$(DERIVED_FILE_DIR)/Pods-flix-checkManifestLockResult.txt",
			);
			runOnlyForDeploymentPostprocessing = 0;
			shellPath = /bin/sh;
			shellScript = "diff \"${PODS_PODFILE_DIR_PATH}/Podfile.lock\" \"${PODS_ROOT}/Manifest.lock\" > /dev/null\nif [ $? != 0 ] ; then\n    # print error to STDERR\n    echo \"error: The sandbox is not in sync with the Podfile.lock. Run 'pod install' or update your CocoaPods installation.\" >&2\n    exit 1\nfi\n# This output is used by Xcode 'outputs' to avoid re-running this script phase.\necho \"SUCCESS\" > \"${SCRIPT_OUTPUT_FILE_0}\"\n";
			showEnvVarsInLog = 0;
		};
		A2E28894F6DF03A97541B8D2 /* [CP] Check Pods Manifest.lock */ = {
			isa = PBXShellScriptBuildPhase;
			buildActionMask = 2147483647;
			files = (
			);
			inputFileListPaths = (
			);
			inputPaths = (
				"${PODS_PODFILE_DIR_PATH}/Podfile.lock",
				"${PODS_ROOT}/Manifest.lock",
			);
			name = "[CP] Check Pods Manifest.lock";
			outputFileListPaths = (
			);
			outputPaths = (
				"$(DERIVED_FILE_DIR)/Pods-flixTests-checkManifestLockResult.txt",
			);
			runOnlyForDeploymentPostprocessing = 0;
			shellPath = /bin/sh;
			shellScript = "diff \"${PODS_PODFILE_DIR_PATH}/Podfile.lock\" \"${PODS_ROOT}/Manifest.lock\" > /dev/null\nif [ $? != 0 ] ; then\n    # print error to STDERR\n    echo \"error: The sandbox is not in sync with the Podfile.lock. Run 'pod install' or update your CocoaPods installation.\" >&2\n    exit 1\nfi\n# This output is used by Xcode 'outputs' to avoid re-running this script phase.\necho \"SUCCESS\" > \"${SCRIPT_OUTPUT_FILE_0}\"\n";
			showEnvVarsInLog = 0;
		};
		D4CF7B6F0023A3513B08068F /* [CP] Check Pods Manifest.lock */ = {
			isa = PBXShellScriptBuildPhase;
			buildActionMask = 2147483647;
			files = (
			);
			inputFileListPaths = (
			);
			inputPaths = (
				"${PODS_PODFILE_DIR_PATH}/Podfile.lock",
				"${PODS_ROOT}/Manifest.lock",
			);
			name = "[CP] Check Pods Manifest.lock";
			outputFileListPaths = (
			);
			outputPaths = (
				"$(DERIVED_FILE_DIR)/Pods-flix-flixUITests-checkManifestLockResult.txt",
			);
			runOnlyForDeploymentPostprocessing = 0;
			shellPath = /bin/sh;
			shellScript = "diff \"${PODS_PODFILE_DIR_PATH}/Podfile.lock\" \"${PODS_ROOT}/Manifest.lock\" > /dev/null\nif [ $? != 0 ] ; then\n    # print error to STDERR\n    echo \"error: The sandbox is not in sync with the Podfile.lock. Run 'pod install' or update your CocoaPods installation.\" >&2\n    exit 1\nfi\n# This output is used by Xcode 'outputs' to avoid re-running this script phase.\necho \"SUCCESS\" > \"${SCRIPT_OUTPUT_FILE_0}\"\n";
			showEnvVarsInLog = 0;
		};
		EF1C1A568F91C9AD497FB203 /* [CP] Embed Pods Frameworks */ = {
			isa = PBXShellScriptBuildPhase;
			buildActionMask = 2147483647;
			files = (
			);
			inputFileListPaths = (
				"${PODS_ROOT}/Target Support Files/Pods-flix/Pods-flix-frameworks-${CONFIGURATION}-input-files.xcfilelist",
			);
			name = "[CP] Embed Pods Frameworks";
			outputFileListPaths = (
				"${PODS_ROOT}/Target Support Files/Pods-flix/Pods-flix-frameworks-${CONFIGURATION}-output-files.xcfilelist",
			);
			runOnlyForDeploymentPostprocessing = 0;
			shellPath = /bin/sh;
			shellScript = "\"${PODS_ROOT}/Target Support Files/Pods-flix/Pods-flix-frameworks.sh\"\n";
			showEnvVarsInLog = 0;
		};
/* End PBXShellScriptBuildPhase section */

/* Begin PBXSourcesBuildPhase section */
		F274418425CBCA0B006C2720 /* Sources */ = {
			isa = PBXSourcesBuildPhase;
			buildActionMask = 2147483647;
			files = (
				F274418C25CBCA0B006C2720 /* AppDelegate.swift in Sources */,
				F274418E25CBCA0B006C2720 /* SceneDelegate.swift in Sources */,
				F27441CA25CBDFA4006C2720 /* MovieCell.swift in Sources */,
				F27441C525CBCDFF006C2720 /* MoviesViewController.swift in Sources */,
			);
			runOnlyForDeploymentPostprocessing = 0;
		};
		F274419A25CBCA0F006C2720 /* Sources */ = {
			isa = PBXSourcesBuildPhase;
			buildActionMask = 2147483647;
			files = (
				F27441A325CBCA0F006C2720 /* flixTests.swift in Sources */,
			);
			runOnlyForDeploymentPostprocessing = 0;
		};
		F27441A525CBCA0F006C2720 /* Sources */ = {
			isa = PBXSourcesBuildPhase;
			buildActionMask = 2147483647;
			files = (
				F27441AE25CBCA0F006C2720 /* flixUITests.swift in Sources */,
			);
			runOnlyForDeploymentPostprocessing = 0;
		};
/* End PBXSourcesBuildPhase section */

/* Begin PBXTargetDependency section */
		F27441A025CBCA0F006C2720 /* PBXTargetDependency */ = {
			isa = PBXTargetDependency;
			target = F274418725CBCA0B006C2720 /* flix */;
			targetProxy = F274419F25CBCA0F006C2720 /* PBXContainerItemProxy */;
		};
		F27441AB25CBCA0F006C2720 /* PBXTargetDependency */ = {
			isa = PBXTargetDependency;
			target = F274418725CBCA0B006C2720 /* flix */;
			targetProxy = F27441AA25CBCA0F006C2720 /* PBXContainerItemProxy */;
		};
/* End PBXTargetDependency section */

/* Begin PBXVariantGroup section */
		F274419125CBCA0B006C2720 /* Main.storyboard */ = {
			isa = PBXVariantGroup;
			children = (
				F274419225CBCA0B006C2720 /* Base */,
			);
			name = Main.storyboard;
			sourceTree = "<group>";
		};
		F274419625CBCA0F006C2720 /* LaunchScreen.storyboard */ = {
			isa = PBXVariantGroup;
			children = (
				F274419725CBCA0F006C2720 /* Base */,
			);
			name = LaunchScreen.storyboard;
			sourceTree = "<group>";
		};
/* End PBXVariantGroup section */

/* Begin XCBuildConfiguration section */
		F27441B025CBCA0F006C2720 /* Debug */ = {
			isa = XCBuildConfiguration;
			buildSettings = {
				ALWAYS_SEARCH_USER_PATHS = NO;
				CLANG_ANALYZER_NONNULL = YES;
				CLANG_ANALYZER_NUMBER_OBJECT_CONVERSION = YES_AGGRESSIVE;
				CLANG_CXX_LANGUAGE_STANDARD = "gnu++14";
				CLANG_CXX_LIBRARY = "libc++";
				CLANG_ENABLE_MODULES = YES;
				CLANG_ENABLE_OBJC_ARC = YES;
				CLANG_ENABLE_OBJC_WEAK = YES;
				CLANG_WARN_BLOCK_CAPTURE_AUTORELEASING = YES;
				CLANG_WARN_BOOL_CONVERSION = YES;
				CLANG_WARN_COMMA = YES;
				CLANG_WARN_CONSTANT_CONVERSION = YES;
				CLANG_WARN_DEPRECATED_OBJC_IMPLEMENTATIONS = YES;
				CLANG_WARN_DIRECT_OBJC_ISA_USAGE = YES_ERROR;
				CLANG_WARN_DOCUMENTATION_COMMENTS = YES;
				CLANG_WARN_EMPTY_BODY = YES;
				CLANG_WARN_ENUM_CONVERSION = YES;
				CLANG_WARN_INFINITE_RECURSION = YES;
				CLANG_WARN_INT_CONVERSION = YES;
				CLANG_WARN_NON_LITERAL_NULL_CONVERSION = YES;
				CLANG_WARN_OBJC_IMPLICIT_RETAIN_SELF = YES;
				CLANG_WARN_OBJC_LITERAL_CONVERSION = YES;
				CLANG_WARN_OBJC_ROOT_CLASS = YES_ERROR;
				CLANG_WARN_QUOTED_INCLUDE_IN_FRAMEWORK_HEADER = YES;
				CLANG_WARN_RANGE_LOOP_ANALYSIS = YES;
				CLANG_WARN_STRICT_PROTOTYPES = YES;
				CLANG_WARN_SUSPICIOUS_MOVE = YES;
				CLANG_WARN_UNGUARDED_AVAILABILITY = YES_AGGRESSIVE;
				CLANG_WARN_UNREACHABLE_CODE = YES;
				CLANG_WARN__DUPLICATE_METHOD_MATCH = YES;
				COPY_PHASE_STRIP = NO;
				DEBUG_INFORMATION_FORMAT = dwarf;
				ENABLE_STRICT_OBJC_MSGSEND = YES;
				ENABLE_TESTABILITY = YES;
				GCC_C_LANGUAGE_STANDARD = gnu11;
				GCC_DYNAMIC_NO_PIC = NO;
				GCC_NO_COMMON_BLOCKS = YES;
				GCC_OPTIMIZATION_LEVEL = 0;
				GCC_PREPROCESSOR_DEFINITIONS = (
					"DEBUG=1",
					"$(inherited)",
				);
				GCC_WARN_64_TO_32_BIT_CONVERSION = YES;
				GCC_WARN_ABOUT_RETURN_TYPE = YES_ERROR;
				GCC_WARN_UNDECLARED_SELECTOR = YES;
				GCC_WARN_UNINITIALIZED_AUTOS = YES_AGGRESSIVE;
				GCC_WARN_UNUSED_FUNCTION = YES;
				GCC_WARN_UNUSED_VARIABLE = YES;
				IPHONEOS_DEPLOYMENT_TARGET = 14.4;
				MTL_ENABLE_DEBUG_INFO = INCLUDE_SOURCE;
				MTL_FAST_MATH = YES;
				ONLY_ACTIVE_ARCH = YES;
				SDKROOT = iphoneos;
				SWIFT_ACTIVE_COMPILATION_CONDITIONS = DEBUG;
				SWIFT_OPTIMIZATION_LEVEL = "-Onone";
			};
			name = Debug;
		};
		F27441B125CBCA0F006C2720 /* Release */ = {
			isa = XCBuildConfiguration;
			buildSettings = {
				ALWAYS_SEARCH_USER_PATHS = NO;
				CLANG_ANALYZER_NONNULL = YES;
				CLANG_ANALYZER_NUMBER_OBJECT_CONVERSION = YES_AGGRESSIVE;
				CLANG_CXX_LANGUAGE_STANDARD = "gnu++14";
				CLANG_CXX_LIBRARY = "libc++";
				CLANG_ENABLE_MODULES = YES;
				CLANG_ENABLE_OBJC_ARC = YES;
				CLANG_ENABLE_OBJC_WEAK = YES;
				CLANG_WARN_BLOCK_CAPTURE_AUTORELEASING = YES;
				CLANG_WARN_BOOL_CONVERSION = YES;
				CLANG_WARN_COMMA = YES;
				CLANG_WARN_CONSTANT_CONVERSION = YES;
				CLANG_WARN_DEPRECATED_OBJC_IMPLEMENTATIONS = YES;
				CLANG_WARN_DIRECT_OBJC_ISA_USAGE = YES_ERROR;
				CLANG_WARN_DOCUMENTATION_COMMENTS = YES;
				CLANG_WARN_EMPTY_BODY = YES;
				CLANG_WARN_ENUM_CONVERSION = YES;
				CLANG_WARN_INFINITE_RECURSION = YES;
				CLANG_WARN_INT_CONVERSION = YES;
				CLANG_WARN_NON_LITERAL_NULL_CONVERSION = YES;
				CLANG_WARN_OBJC_IMPLICIT_RETAIN_SELF = YES;
				CLANG_WARN_OBJC_LITERAL_CONVERSION = YES;
				CLANG_WARN_OBJC_ROOT_CLASS = YES_ERROR;
				CLANG_WARN_QUOTED_INCLUDE_IN_FRAMEWORK_HEADER = YES;
				CLANG_WARN_RANGE_LOOP_ANALYSIS = YES;
				CLANG_WARN_STRICT_PROTOTYPES = YES;
				CLANG_WARN_SUSPICIOUS_MOVE = YES;
				CLANG_WARN_UNGUARDED_AVAILABILITY = YES_AGGRESSIVE;
				CLANG_WARN_UNREACHABLE_CODE = YES;
				CLANG_WARN__DUPLICATE_METHOD_MATCH = YES;
				COPY_PHASE_STRIP = NO;
				DEBUG_INFORMATION_FORMAT = "dwarf-with-dsym";
				ENABLE_NS_ASSERTIONS = NO;
				ENABLE_STRICT_OBJC_MSGSEND = YES;
				GCC_C_LANGUAGE_STANDARD = gnu11;
				GCC_NO_COMMON_BLOCKS = YES;
				GCC_WARN_64_TO_32_BIT_CONVERSION = YES;
				GCC_WARN_ABOUT_RETURN_TYPE = YES_ERROR;
				GCC_WARN_UNDECLARED_SELECTOR = YES;
				GCC_WARN_UNINITIALIZED_AUTOS = YES_AGGRESSIVE;
				GCC_WARN_UNUSED_FUNCTION = YES;
				GCC_WARN_UNUSED_VARIABLE = YES;
				IPHONEOS_DEPLOYMENT_TARGET = 14.4;
				MTL_ENABLE_DEBUG_INFO = NO;
				MTL_FAST_MATH = YES;
				SDKROOT = iphoneos;
				SWIFT_COMPILATION_MODE = wholemodule;
				SWIFT_OPTIMIZATION_LEVEL = "-O";
				VALIDATE_PRODUCT = YES;
			};
			name = Release;
		};
		F27441B325CBCA0F006C2720 /* Debug */ = {
			isa = XCBuildConfiguration;
			baseConfigurationReference = A9017671FEDE5A82C96A5AB0 /* Pods-flix.debug.xcconfig */;
			buildSettings = {
				ASSETCATALOG_COMPILER_APPICON_NAME = AppIcon;
				ASSETCATALOG_COMPILER_GLOBAL_ACCENT_COLOR_NAME = AccentColor;
				CODE_SIGN_IDENTITY = "Apple Development";
				CODE_SIGN_STYLE = Automatic;
				DEVELOPMENT_TEAM = "";
				INFOPLIST_FILE = flix/Info.plist;
				LD_RUNPATH_SEARCH_PATHS = (
					"$(inherited)",
					"@executable_path/Frameworks",
				);
				PRODUCT_BUNDLE_IDENTIFIER = codepath.flix;
				PRODUCT_NAME = "$(TARGET_NAME)";
				PROVISIONING_PROFILE_SPECIFIER = "";
				SWIFT_VERSION = 5.0;
				TARGETED_DEVICE_FAMILY = "1,2";
			};
			name = Debug;
		};
		F27441B425CBCA0F006C2720 /* Release */ = {
			isa = XCBuildConfiguration;
			baseConfigurationReference = AB0ADCF740ACE761A1E7C3C0 /* Pods-flix.release.xcconfig */;
			buildSettings = {
				ASSETCATALOG_COMPILER_APPICON_NAME = AppIcon;
				ASSETCATALOG_COMPILER_GLOBAL_ACCENT_COLOR_NAME = AccentColor;
				CODE_SIGN_IDENTITY = "Apple Development";
				CODE_SIGN_STYLE = Manual;
				DEVELOPMENT_TEAM = "";
				INFOPLIST_FILE = flix/Info.plist;
				LD_RUNPATH_SEARCH_PATHS = (
					"$(inherited)",
					"@executable_path/Frameworks",
				);
				PRODUCT_BUNDLE_IDENTIFIER = codepath.flix;
				PRODUCT_NAME = "$(TARGET_NAME)";
				PROVISIONING_PROFILE_SPECIFIER = "";
				SWIFT_VERSION = 5.0;
				TARGETED_DEVICE_FAMILY = "1,2";
			};
			name = Release;
		};
		F27441B625CBCA0F006C2720 /* Debug */ = {
			isa = XCBuildConfiguration;
			baseConfigurationReference = 7D4AB98C4F18AAEF2C0D8218 /* Pods-flixTests.debug.xcconfig */;
			buildSettings = {
				ALWAYS_EMBED_SWIFT_STANDARD_LIBRARIES = YES;
				BUNDLE_LOADER = "$(TEST_HOST)";
				CODE_SIGN_STYLE = Automatic;
				INFOPLIST_FILE = flixTests/Info.plist;
				IPHONEOS_DEPLOYMENT_TARGET = 14.4;
				LD_RUNPATH_SEARCH_PATHS = (
					"$(inherited)",
					"@executable_path/Frameworks",
					"@loader_path/Frameworks",
				);
				PRODUCT_BUNDLE_IDENTIFIER = codepath.flixTests;
				PRODUCT_NAME = "$(TARGET_NAME)";
				SWIFT_VERSION = 5.0;
				TARGETED_DEVICE_FAMILY = "1,2";
				TEST_HOST = "$(BUILT_PRODUCTS_DIR)/flix.app/flix";
			};
			name = Debug;
		};
		F27441B725CBCA0F006C2720 /* Release */ = {
			isa = XCBuildConfiguration;
			baseConfigurationReference = 06B8D04983723F5603627446 /* Pods-flixTests.release.xcconfig */;
			buildSettings = {
				ALWAYS_EMBED_SWIFT_STANDARD_LIBRARIES = YES;
				BUNDLE_LOADER = "$(TEST_HOST)";
				CODE_SIGN_STYLE = Automatic;
				INFOPLIST_FILE = flixTests/Info.plist;
				IPHONEOS_DEPLOYMENT_TARGET = 14.4;
				LD_RUNPATH_SEARCH_PATHS = (
					"$(inherited)",
					"@executable_path/Frameworks",
					"@loader_path/Frameworks",
				);
				PRODUCT_BUNDLE_IDENTIFIER = codepath.flixTests;
				PRODUCT_NAME = "$(TARGET_NAME)";
				SWIFT_VERSION = 5.0;
				TARGETED_DEVICE_FAMILY = "1,2";
				TEST_HOST = "$(BUILT_PRODUCTS_DIR)/flix.app/flix";
			};
			name = Release;
		};
		F27441B925CBCA0F006C2720 /* Debug */ = {
			isa = XCBuildConfiguration;
			baseConfigurationReference = 420D737A598D9D9C520CD3ED /* Pods-flix-flixUITests.debug.xcconfig */;
			buildSettings = {
				ALWAYS_EMBED_SWIFT_STANDARD_LIBRARIES = YES;
				CODE_SIGN_STYLE = Automatic;
				INFOPLIST_FILE = flixUITests/Info.plist;
				LD_RUNPATH_SEARCH_PATHS = (
					"$(inherited)",
					"@executable_path/Frameworks",
					"@loader_path/Frameworks",
				);
				PRODUCT_BUNDLE_IDENTIFIER = codepath.flixUITests;
				PRODUCT_NAME = "$(TARGET_NAME)";
				SWIFT_VERSION = 5.0;
				TARGETED_DEVICE_FAMILY = "1,2";
				TEST_TARGET_NAME = flix;
			};
			name = Debug;
		};
		F27441BA25CBCA0F006C2720 /* Release */ = {
			isa = XCBuildConfiguration;
			baseConfigurationReference = AF2B64479A44EA33EEC0BF4E /* Pods-flix-flixUITests.release.xcconfig */;
			buildSettings = {
				ALWAYS_EMBED_SWIFT_STANDARD_LIBRARIES = YES;
				CODE_SIGN_STYLE = Automatic;
				INFOPLIST_FILE = flixUITests/Info.plist;
				LD_RUNPATH_SEARCH_PATHS = (
					"$(inherited)",
					"@executable_path/Frameworks",
					"@loader_path/Frameworks",
				);
				PRODUCT_BUNDLE_IDENTIFIER = codepath.flixUITests;
				PRODUCT_NAME = "$(TARGET_NAME)";
				SWIFT_VERSION = 5.0;
				TARGETED_DEVICE_FAMILY = "1,2";
				TEST_TARGET_NAME = flix;
			};
			name = Release;
		};
/* End XCBuildConfiguration section */

/* Begin XCConfigurationList section */
		F274418325CBCA0B006C2720 /* Build configuration list for PBXProject "flix" */ = {
			isa = XCConfigurationList;
			buildConfigurations = (
				F27441B025CBCA0F006C2720 /* Debug */,
				F27441B125CBCA0F006C2720 /* Release */,
			);
			defaultConfigurationIsVisible = 0;
			defaultConfigurationName = Release;
		};
		F27441B225CBCA0F006C2720 /* Build configuration list for PBXNativeTarget "flix" */ = {
			isa = XCConfigurationList;
			buildConfigurations = (
				F27441B325CBCA0F006C2720 /* Debug */,
				F27441B425CBCA0F006C2720 /* Release */,
			);
			defaultConfigurationIsVisible = 0;
			defaultConfigurationName = Release;
		};
		F27441B525CBCA0F006C2720 /* Build configuration list for PBXNativeTarget "flixTests" */ = {
			isa = XCConfigurationList;
			buildConfigurations = (
				F27441B625CBCA0F006C2720 /* Debug */,
				F27441B725CBCA0F006C2720 /* Release */,
			);
			defaultConfigurationIsVisible = 0;
			defaultConfigurationName = Release;
		};
		F27441B825CBCA0F006C2720 /* Build configuration list for PBXNativeTarget "flixUITests" */ = {
			isa = XCConfigurationList;
			buildConfigurations = (
				F27441B925CBCA0F006C2720 /* Debug */,
				F27441BA25CBCA0F006C2720 /* Release */,
			);
			defaultConfigurationIsVisible = 0;
			defaultConfigurationName = Release;
		};
/* End XCConfigurationList section */
	};
	rootObject = F274418025CBCA0B006C2720 /* Project object */;
}
